{
  "name": "08-rest",
  "version": "1.0.0",
  "lockfileVersion": 1,
  "requires": true,
  "dependencies": {
    "sha-1": {
      "version": "0.1.1",
      "resolved": "https://registry.npmjs.org/sha-1/-/sha-1-0.1.1.tgz",
      "integrity": "sha1-KjkwS/QburEd2e+3R07CWxqSwlc="
    },
    "uuidv4": {
      "version": "1.0.0",
      "resolved": "https://registry.npmjs.org/uuidv4/-/uuidv4-1.0.0.tgz",
      "integrity": "sha512-Y4CvBVF5TgqwNAYgsVq4Y1P2UybLpnUCq5IX0HfnBcmCLeS+DJdVnSt5mnz0dpf2by+Mp+HwiU4UTWUZHbgwLA==",
      "requires": {
        "sha-1": "0.1.1"
      }
    }
  }
}
